
Microsoft Visual Studio Solution File, Format Version 12.00
# Visual Studio Version 16
VisualStudioVersion = 16.0.31025.194
MinimumVisualStudioVersion = 10.0.40219.1
Project("{9A19103F-16F7-4668-BE54-9A1E7A4F7556}") = "SignalR-Aws-Service", "SignalR-Aws-Service.csproj", "{A539043C-FF8D-49B5-BA9F-A4A29854BF6D}"
EndProject
Project("{FAE04EC0-301F-11D3-BF4B-00C04F79EFBC}") = "RabbitMQBroker", "RabbitMQBroker\RabbitMQBroker.csproj", "{6D9CF490-84F1-4A58-AF36-9DA905B5D17F}"
EndProject
Global
	GlobalSection(SolutionConfigurationPlatforms) = preSolution
		Debug|Any CPU = Debug|Any CPU
		Release|Any CPU = Release|Any CPU
	EndGlobalSection
	GlobalSection(ProjectConfigurationPlatforms) = postSolution
		{A539043C-FF8D-49B5-BA9F-A4A29854BF6D}.Debug|Any CPU.ActiveCfg = Debug|Any CPU
		{A539043C-FF8D-49B5-BA9F-A4A29854BF6D}.Debug|Any CPU.Build.0 = Debug|Any CPU
		{A539043C-FF8D-49B5-BA9F-A4A29854BF6D}.Release|Any CPU.ActiveCfg = Release|Any CPU
		{A539043C-FF8D-49B5-BA9F-A4A29854BF6D}.Release|Any CPU.Build.0 = Release|Any CPU
		{6D9CF490-84F1-4A58-AF36-9DA905B5D17F}.Debug|Any CPU.ActiveCfg = Debug|Any CPU
		{6D9CF490-84F1-4A58-AF36-9DA905B5D17F}.Debug|Any CPU.Build.0 = Debug|Any CPU
		{6D9CF490-84F1-4A58-AF36-9DA905B5D17F}.Release|Any CPU.ActiveCfg = Release|Any CPU
		{6D9CF490-84F1-4A58-AF36-9DA905B5D17F}.Release|Any CPU.Build.0 = Release|Any CPU
	EndGlobalSection
	GlobalSection(SolutionProperties) = preSolution
		HideSolutionNode = FALSE
	EndGlobalSection
	GlobalSection(ExtensibilityGlobals) = postSolution
		SolutionGuid = {61C13BD2-F673-415F-9CCF-E3C65953ACFB}
	EndGlobalSection
EndGlobal
