
Microsoft Visual Studio Solution File, Format Version 12.00
# Visual Studio Version 16
VisualStudioVersion = 16.0.31025.194
MinimumVisualStudioVersion = 10.0.40219.1
Project("{9A19103F-16F7-4668-BE54-9A1E7A4F7556}") = "SignalR-Aws-Service", "Signalr-app\SignalR-Aws-Service.csproj", "{48E666C0-58B5-4394-82C2-84EEC2895C13}"
EndProject
Project("{2150E333-8FDC-42A3-9474-1A3956D46DE8}") = "Signalr-App", "Signalr-App", "{FEDDB1AF-3050-4C1B-8E19-A186A912A361}"
EndProject
Global
	GlobalSection(SolutionConfigurationPlatforms) = preSolution
		Debug|Any CPU = Debug|Any CPU
		Release|Any CPU = Release|Any CPU
	EndGlobalSection
	GlobalSection(ProjectConfigurationPlatforms) = postSolution
		{48E666C0-58B5-4394-82C2-84EEC2895C13}.Debug|Any CPU.ActiveCfg = Debug|Any CPU
		{48E666C0-58B5-4394-82C2-84EEC2895C13}.Debug|Any CPU.Build.0 = Debug|Any CPU
		{48E666C0-58B5-4394-82C2-84EEC2895C13}.Release|Any CPU.ActiveCfg = Release|Any CPU
		{48E666C0-58B5-4394-82C2-84EEC2895C13}.Release|Any CPU.Build.0 = Release|Any CPU
	EndGlobalSection
	GlobalSection(SolutionProperties) = preSolution
		HideSolutionNode = FALSE
	EndGlobalSection
	GlobalSection(NestedProjects) = preSolution
		{48E666C0-58B5-4394-82C2-84EEC2895C13} = {FEDDB1AF-3050-4C1B-8E19-A186A912A361}
	EndGlobalSection
	GlobalSection(ExtensibilityGlobals) = postSolution
		SolutionGuid = {2CE0AF45-5AFD-4314-9692-331AE67BDEE0}
	EndGlobalSection
EndGlobal
