
Microsoft Visual Studio Solution File, Format Version 12.00
# Visual Studio Version 16
VisualStudioVersion = 16.0.31025.194
MinimumVisualStudioVersion = 10.0.40219.1
Project("{9A19103F-16F7-4668-BE54-9A1E7A4F7556}") = "SignalR-Aws-Service", "SignalR-Aws-Service.csproj", "{8C2397CA-9728-4562-8A13-D578DBD99B23}"
EndProject
Global
	GlobalSection(SolutionConfigurationPlatforms) = preSolution
		Debug|Any CPU = Debug|Any CPU
		Release|Any CPU = Release|Any CPU
	EndGlobalSection
	GlobalSection(ProjectConfigurationPlatforms) = postSolution
		{8C2397CA-9728-4562-8A13-D578DBD99B23}.Debug|Any CPU.ActiveCfg = Debug|Any CPU
		{8C2397CA-9728-4562-8A13-D578DBD99B23}.Debug|Any CPU.Build.0 = Debug|Any CPU
		{8C2397CA-9728-4562-8A13-D578DBD99B23}.Release|Any CPU.ActiveCfg = Release|Any CPU
		{8C2397CA-9728-4562-8A13-D578DBD99B23}.Release|Any CPU.Build.0 = Release|Any CPU
	EndGlobalSection
	GlobalSection(SolutionProperties) = preSolution
		HideSolutionNode = FALSE
	EndGlobalSection
	GlobalSection(ExtensibilityGlobals) = postSolution
		SolutionGuid = {2CE0AF45-5AFD-4314-9692-331AE67BDEE0}
	EndGlobalSection
EndGlobal
